
Microsoft Visual Studio Solution File, Format Version 12.00
# Visual Studio Version 17
VisualStudioVersion = 17.10.34916.146
MinimumVisualStudioVersion = 10.0.40219.1
Project("{9A19103F-16F7-4668-BE54-9A1E7A4F7556}") = "SingleResponsibility", "SingleResponsibility\SingleResponsibility.csproj", "{E9FD4538-8866-4408-9E85-7B0E8981D4EB}"
EndProject
Project("{9A19103F-16F7-4668-BE54-9A1E7A4F7556}") = "OpenClosePrinciple", "OpenClosePrinciple\OpenClosePrinciple.csproj", "{02972A23-0C29-4260-B379-406FF269FE41}"
EndProject
Project("{9A19103F-16F7-4668-BE54-9A1E7A4F7556}") = "LiskovSubstutionPrinciple", "LiskovSubstutionPrinciple\LiskovSubstutionPrinciple.csproj", "{AB63AC74-2075-4806-BEE8-68AD15AC5232}"
EndProject
Project("{9A19103F-16F7-4668-BE54-9A1E7A4F7556}") = "InterfaceSegragation", "InterfaceSegragation\InterfaceSegragation.csproj", "{856ECA12-59D5-41C7-A87F-CF9CF8C8A28E}"
EndProject
Project("{9A19103F-16F7-4668-BE54-9A1E7A4F7556}") = "DependncyInversion", "DependncyInversion\DependncyInversion.csproj", "{23C646A9-17B4-4B17-AA82-5C4D7509D72A}"
EndProject
Global
	GlobalSection(SolutionConfigurationPlatforms) = preSolution
		Debug|Any CPU = Debug|Any CPU
		Release|Any CPU = Release|Any CPU
	EndGlobalSection
	GlobalSection(ProjectConfigurationPlatforms) = postSolution
		{E9FD4538-8866-4408-9E85-7B0E8981D4EB}.Debug|Any CPU.ActiveCfg = Debug|Any CPU
		{E9FD4538-8866-4408-9E85-7B0E8981D4EB}.Debug|Any CPU.Build.0 = Debug|Any CPU
		{E9FD4538-8866-4408-9E85-7B0E8981D4EB}.Release|Any CPU.ActiveCfg = Release|Any CPU
		{E9FD4538-8866-4408-9E85-7B0E8981D4EB}.Release|Any CPU.Build.0 = Release|Any CPU
		{02972A23-0C29-4260-B379-406FF269FE41}.Debug|Any CPU.ActiveCfg = Debug|Any CPU
		{02972A23-0C29-4260-B379-406FF269FE41}.Debug|Any CPU.Build.0 = Debug|Any CPU
		{02972A23-0C29-4260-B379-406FF269FE41}.Release|Any CPU.ActiveCfg = Release|Any CPU
		{02972A23-0C29-4260-B379-406FF269FE41}.Release|Any CPU.Build.0 = Release|Any CPU
		{AB63AC74-2075-4806-BEE8-68AD15AC5232}.Debug|Any CPU.ActiveCfg = Debug|Any CPU
		{AB63AC74-2075-4806-BEE8-68AD15AC5232}.Debug|Any CPU.Build.0 = Debug|Any CPU
		{AB63AC74-2075-4806-BEE8-68AD15AC5232}.Release|Any CPU.ActiveCfg = Release|Any CPU
		{AB63AC74-2075-4806-BEE8-68AD15AC5232}.Release|Any CPU.Build.0 = Release|Any CPU
		{856ECA12-59D5-41C7-A87F-CF9CF8C8A28E}.Debug|Any CPU.ActiveCfg = Debug|Any CPU
		{856ECA12-59D5-41C7-A87F-CF9CF8C8A28E}.Debug|Any CPU.Build.0 = Debug|Any CPU
		{856ECA12-59D5-41C7-A87F-CF9CF8C8A28E}.Release|Any CPU.ActiveCfg = Release|Any CPU
		{856ECA12-59D5-41C7-A87F-CF9CF8C8A28E}.Release|Any CPU.Build.0 = Release|Any CPU
		{23C646A9-17B4-4B17-AA82-5C4D7509D72A}.Debug|Any CPU.ActiveCfg = Debug|Any CPU
		{23C646A9-17B4-4B17-AA82-5C4D7509D72A}.Debug|Any CPU.Build.0 = Debug|Any CPU
		{23C646A9-17B4-4B17-AA82-5C4D7509D72A}.Release|Any CPU.ActiveCfg = Release|Any CPU
		{23C646A9-17B4-4B17-AA82-5C4D7509D72A}.Release|Any CPU.Build.0 = Release|Any CPU
	EndGlobalSection
	GlobalSection(SolutionProperties) = preSolution
		HideSolutionNode = FALSE
	EndGlobalSection
	GlobalSection(ExtensibilityGlobals) = postSolution
		SolutionGuid = {572C0586-DCA4-479F-8181-1DF4863C3F2B}
	EndGlobalSection
EndGlobal
